
Microsoft Visual Studio Solution File, Format Version 12.00
# Visual Studio Version 17
VisualStudioVersion = 17.5.002.0
MinimumVisualStudioVersion = 10.0.40219.1
Project("{9A19103F-16F7-4668-BE54-9A1E7A4F7556}") = "CSProject", "CSProject.csproj", "{A17E37E2-2AEB-4C77-8B82-6DF8BBDBC31C}"
EndProject
Global
	GlobalSection(SolutionConfigurationPlatforms) = preSolution
		Debug|Any CPU = Debug|Any CPU
		Release|Any CPU = Release|Any CPU
	EndGlobalSection
	GlobalSection(ProjectConfigurationPlatforms) = postSolution
		{A17E37E2-2AEB-4C77-8B82-6DF8BBDBC31C}.Debug|Any CPU.ActiveCfg = Debug|Any CPU
		{A17E37E2-2AEB-4C77-8B82-6DF8BBDBC31C}.Debug|Any CPU.Build.0 = Debug|Any CPU
		{A17E37E2-2AEB-4C77-8B82-6DF8BBDBC31C}.Release|Any CPU.ActiveCfg = Release|Any CPU
		{A17E37E2-2AEB-4C77-8B82-6DF8BBDBC31C}.Release|Any CPU.Build.0 = Release|Any CPU
	EndGlobalSection
	GlobalSection(SolutionProperties) = preSolution
		HideSolutionNode = FALSE
	EndGlobalSection
	GlobalSection(ExtensibilityGlobals) = postSolution
		SolutionGuid = {DD28C9CC-894C-438C-B2F9-8ECD37C5A2EE}
	EndGlobalSection
EndGlobal
